
Microsoft Visual Studio Solution File, Format Version 12.00
# Visual Studio 2012
Project("{8BC9CEB8-8B4A-11D0-8D11-00A0C91BC942}") = "December22", "December22\December22.vcxproj", "{333829C6-FCFE-44AF-B38E-6BD675FE7758}"
EndProject
Global
	GlobalSection(SolutionConfigurationPlatforms) = preSolution
		Debug|Win32 = Debug|Win32
		Release|Win32 = Release|Win32
	EndGlobalSection
	GlobalSection(ProjectConfigurationPlatforms) = postSolution
		{333829C6-FCFE-44AF-B38E-6BD675FE7758}.Debug|Win32.ActiveCfg = Debug|Win32
		{333829C6-FCFE-44AF-B38E-6BD675FE7758}.Debug|Win32.Build.0 = Debug|Win32
		{333829C6-FCFE-44AF-B38E-6BD675FE7758}.Release|Win32.ActiveCfg = Release|Win32
		{333829C6-FCFE-44AF-B38E-6BD675FE7758}.Release|Win32.Build.0 = Release|Win32
	EndGlobalSection
	GlobalSection(SolutionProperties) = preSolution
		HideSolutionNode = FALSE
	EndGlobalSection
EndGlobal
