
Microsoft Visual Studio Solution File, Format Version 12.00
# Visual Studio 2012
Project("{8BC9CEB8-8B4A-11D0-8D11-00A0C91BC942}") = "sort", "sort\sort.vcxproj", "{EF84E901-8644-40A3-80C2-8B6F7B095853}"
EndProject
Global
	GlobalSection(SolutionConfigurationPlatforms) = preSolution
		Debug|Win32 = Debug|Win32
		Release|Win32 = Release|Win32
	EndGlobalSection
	GlobalSection(ProjectConfigurationPlatforms) = postSolution
		{EF84E901-8644-40A3-80C2-8B6F7B095853}.Debug|Win32.ActiveCfg = Debug|Win32
		{EF84E901-8644-40A3-80C2-8B6F7B095853}.Debug|Win32.Build.0 = Debug|Win32
		{EF84E901-8644-40A3-80C2-8B6F7B095853}.Release|Win32.ActiveCfg = Release|Win32
		{EF84E901-8644-40A3-80C2-8B6F7B095853}.Release|Win32.Build.0 = Release|Win32
	EndGlobalSection
	GlobalSection(SolutionProperties) = preSolution
		HideSolutionNode = FALSE
	EndGlobalSection
EndGlobal
