
Microsoft Visual Studio Solution File, Format Version 12.00
# Visual Studio 2012
Project("{8BC9CEB8-8B4A-11D0-8D11-00A0C91BC942}") = "FizzBuzzz", "FizzBuzzz\FizzBuzzz.vcxproj", "{9E836989-8386-4749-92BC-8C0FDE982260}"
EndProject
Global
	GlobalSection(SolutionConfigurationPlatforms) = preSolution
		Debug|Win32 = Debug|Win32
		Release|Win32 = Release|Win32
	EndGlobalSection
	GlobalSection(ProjectConfigurationPlatforms) = postSolution
		{9E836989-8386-4749-92BC-8C0FDE982260}.Debug|Win32.ActiveCfg = Debug|Win32
		{9E836989-8386-4749-92BC-8C0FDE982260}.Debug|Win32.Build.0 = Debug|Win32
		{9E836989-8386-4749-92BC-8C0FDE982260}.Release|Win32.ActiveCfg = Release|Win32
		{9E836989-8386-4749-92BC-8C0FDE982260}.Release|Win32.Build.0 = Release|Win32
	EndGlobalSection
	GlobalSection(SolutionProperties) = preSolution
		HideSolutionNode = FALSE
	EndGlobalSection
EndGlobal
