
Microsoft Visual Studio Solution File, Format Version 12.00
# Visual Studio 15
VisualStudioVersion = 15.0.28010.2026
MinimumVisualStudioVersion = 10.0.40219.1
Project("{8BC9CEB8-8B4A-11D0-8D11-00A0C91BC942}") = "Circle-A", "Circle-A\Circle-A.vcxproj", "{D0F682E3-3989-4596-BC91-A90F61F254CE}"
EndProject
Global
	GlobalSection(SolutionConfigurationPlatforms) = preSolution
		Debug|x64 = Debug|x64
		Debug|x86 = Debug|x86
		Release|x64 = Release|x64
		Release|x86 = Release|x86
	EndGlobalSection
	GlobalSection(ProjectConfigurationPlatforms) = postSolution
		{D0F682E3-3989-4596-BC91-A90F61F254CE}.Debug|x64.ActiveCfg = Debug|x64
		{D0F682E3-3989-4596-BC91-A90F61F254CE}.Debug|x64.Build.0 = Debug|x64
		{D0F682E3-3989-4596-BC91-A90F61F254CE}.Debug|x86.ActiveCfg = Debug|Win32
		{D0F682E3-3989-4596-BC91-A90F61F254CE}.Debug|x86.Build.0 = Debug|Win32
		{D0F682E3-3989-4596-BC91-A90F61F254CE}.Release|x64.ActiveCfg = Release|x64
		{D0F682E3-3989-4596-BC91-A90F61F254CE}.Release|x64.Build.0 = Release|x64
		{D0F682E3-3989-4596-BC91-A90F61F254CE}.Release|x86.ActiveCfg = Release|Win32
		{D0F682E3-3989-4596-BC91-A90F61F254CE}.Release|x86.Build.0 = Release|Win32
	EndGlobalSection
	GlobalSection(SolutionProperties) = preSolution
		HideSolutionNode = FALSE
	EndGlobalSection
	GlobalSection(ExtensibilityGlobals) = postSolution
		SolutionGuid = {9586949B-2393-4C46-8B1B-5225240600B8}
	EndGlobalSection
EndGlobal
